{
  "name": "trpc_proto",
  "version": "1.0.0",
  "lockfileVersion": 3,
  "requires": true,
  "packages": {
    "": {
      "name": "trpc_proto",
      "version": "1.0.0",
      "license": "ISC",
      "workspaces": [
        "packages/core",
        "packages/api",
        "packages/front"
      ]
    },
    "node_modules/@trpc_proto/api": {
      "resolved": "packages/api",
      "link": true
    },
    "node_modules/@trpc_proto/core": {
      "resolved": "packages/core",
      "link": true
    },
    "node_modules/@trpc_proto/front": {
      "resolved": "packages/front",
      "link": true
    },
    "packages/api": {
      "name": "@trpc_proto/api",
      "version": "1.0.0",
      "license": "ISC",
      "dependencies": {
        "@trpc_proto/core": "^1.0.0"
      }
    },
    "packages/core": {
      "name": "@trpc_proto/core",
      "version": "1.0.0",
      "license": "ISC"
    },
    "packages/front": {
      "name": "@trpc_proto/front",
      "version": "1.0.0",
      "license": "ISC",
      "dependencies": {
        "@trpc_proto/api": "^1.0.0",
        "@trpc_proto/core": "^1.0.0"
      }
    }
  }
}
